// !$*UTF8*$!
{
	archiveVersion = 1;
	classes = {
	};
	objectVersion = 46;
	objects = {

/* Begin PBXBuildFile section */
		DB014E6416E11FDF006444AB /* aliquam-webfont.eot in Resources */ = {isa = PBXBuildFile; fileRef = DB014E5C16E11FDF006444AB /* aliquam-webfont.eot */; };
		DB014E6516E11FDF006444AB /* aliquam-webfont.svg in Resources */ = {isa = PBXBuildFile; fileRef = DB014E5D16E11FDF006444AB /* aliquam-webfont.svg */; };
		DB014E6616E11FDF006444AB /* aliquam-webfont.ttf in Resources */ = {isa = PBXBuildFile; fileRef = DB014E5E16E11FDF006444AB /* aliquam-webfont.ttf */; };
		DB014E6716E11FDF006444AB /* aliquam-webfont.woff in Resources */ = {isa = PBXBuildFile; fileRef = DB014E5F16E11FDF006444AB /* aliquam-webfont.woff */; };
		DB014E6816E11FDF006444AB /* aliquamreg-webfont.eot in Resources */ = {isa = PBXBuildFile; fileRef = DB014E6016E11FDF006444AB /* aliquamreg-webfont.eot */; };
		DB014E6916E11FDF006444AB /* aliquamreg-webfont.svg in Resources */ = {isa = PBXBuildFile; fileRef = DB014E6116E11FDF006444AB /* aliquamreg-webfont.svg */; };
		DB014E6A16E11FDF006444AB /* aliquamreg-webfont.ttf in Resources */ = {isa = PBXBuildFile; fileRef = DB014E6216E11FDF006444AB /* aliquamreg-webfont.ttf */; };
		DB014E6B16E11FDF006444AB /* aliquamreg-webfont.woff in Resources */ = {isa = PBXBuildFile; fileRef = DB014E6316E11FDF006444AB /* aliquamreg-webfont.woff */; };
		DB014E6D16E11FEE006444AB /* backBtn.png in Resources */ = {isa = PBXBuildFile; fileRef = DB014E6C16E11FEE006444AB /* backBtn.png */; };
		DB014E6F16E12020006444AB /* header.png in Resources */ = {isa = PBXBuildFile; fileRef = DB014E6E16E12020006444AB /* header.png */; };
		DB014E7116E12117006444AB /* fonts.css in Resources */ = {isa = PBXBuildFile; fileRef = DB014E7016E12117006444AB /* fonts.css */; };
		DB014E7B16E15659006444AB /* Icon.png in Resources */ = {isa = PBXBuildFile; fileRef = DB014E7A16E15659006444AB /* Icon.png */; };
		DB014E7D16E15663006444AB /* Icon@2x.png in Resources */ = {isa = PBXBuildFile; fileRef = DB014E7C16E15663006444AB /* Icon@2x.png */; };
		DB014E7F16E15A04006444AB /* backBtn@2x.png in Resources */ = {isa = PBXBuildFile; fileRef = DB014E7E16E15A04006444AB /* backBtn@2x.png */; };
		DB014E8116E15FC0006444AB /* header@2x.png in Resources */ = {isa = PBXBuildFile; fileRef = DB014E8016E15FC0006444AB /* header@2x.png */; };
		DB1A1A6B16795FC70022F65F /* UIKit.framework in Frameworks */ = {isa = PBXBuildFile; fileRef = DB1A1A6A16795FC70022F65F /* UIKit.framework */; };
		DB1A1A6D16795FC70022F65F /* Foundation.framework in Frameworks */ = {isa = PBXBuildFile; fileRef = DB1A1A6C16795FC70022F65F /* Foundation.framework */; };
		DB1A1A6F16795FC70022F65F /* CoreGraphics.framework in Frameworks */ = {isa = PBXBuildFile; fileRef = DB1A1A6E16795FC70022F65F /* CoreGraphics.framework */; };
		DB1A1A7516795FC70022F65F /* InfoPlist.strings in Resources */ = {isa = PBXBuildFile; fileRef = DB1A1A7316795FC70022F65F /* InfoPlist.strings */; };
		DB1A1A7716795FC70022F65F /* main.m in Sources */ = {isa = PBXBuildFile; fileRef = DB1A1A7616795FC70022F65F /* main.m */; };
		DB1A1A7B16795FC70022F65F /* AppDelegate.m in Sources */ = {isa = PBXBuildFile; fileRef = DB1A1A7A16795FC70022F65F /* AppDelegate.m */; };
		DB1A1A7D16795FC70022F65F /* Default.png in Resources */ = {isa = PBXBuildFile; fileRef = DB1A1A7C16795FC70022F65F /* Default.png */; };
		DB1A1A7F16795FC70022F65F /* Default@2x.png in Resources */ = {isa = PBXBuildFile; fileRef = DB1A1A7E16795FC70022F65F /* Default@2x.png */; };
		DB1A1A8116795FC70022F65F /* Default-568h@2x.png in Resources */ = {isa = PBXBuildFile; fileRef = DB1A1A8016795FC70022F65F /* Default-568h@2x.png */; };
		DB1A1A8416795FC70022F65F /* ViewController.m in Sources */ = {isa = PBXBuildFile; fileRef = DB1A1A8316795FC70022F65F /* ViewController.m */; };
		DB1A1A8716795FC70022F65F /* ViewController_iPhone.xib in Resources */ = {isa = PBXBuildFile; fileRef = DB1A1A8516795FC70022F65F /* ViewController_iPhone.xib */; };
		DB1A1A8A16795FC70022F65F /* ViewController_iPad.xib in Resources */ = {isa = PBXBuildFile; fileRef = DB1A1A8816795FC70022F65F /* ViewController_iPad.xib */; };
		DBDC27FB16E2944F00F34468 /* img_abimbolaDare.jpg in Resources */ = {isa = PBXBuildFile; fileRef = DBDC27E316E2944F00F34468 /* img_abimbolaDare.jpg */; };
		DBDC27FC16E2944F00F34468 /* img_andrewSimms.jpg in Resources */ = {isa = PBXBuildFile; fileRef = DBDC27E416E2944F00F34468 /* img_andrewSimms.jpg */; };
		DBDC27FD16E2944F00F34468 /* img_chibunduOnuzo.jpg in Resources */ = {isa = PBXBuildFile; fileRef = DBDC27E516E2944F00F34468 /* img_chibunduOnuzo.jpg */; };
		DBDC27FE16E2944F00F34468 /* img_davidRain.jpg in Resources */ = {isa = PBXBuildFile; fileRef = DBDC27E616E2944F00F34468 /* img_davidRain.jpg */; };
		DBDC27FF16E2944F00F34468 /* img_directionsMap.jpg in Resources */ = {isa = PBXBuildFile; fileRef = DBDC27E716E2944F00F34468 /* img_directionsMap.jpg */; };
		DBDC280016E2944F00F34468 /* img_elizabethBuchan.jpg in Resources */ = {isa = PBXBuildFile; fileRef = DBDC27E816E2944F00F34468 /* img_elizabethBuchan.jpg */; };
		DBDC280116E2944F00F34468 /* img_faberAcademy.jpg in Resources */ = {isa = PBXBuildFile; fileRef = DBDC27E916E2944F00F34468 /* img_faberAcademy.jpg */; };
		DBDC280216E2944F00F34468 /* img_feonaAttwood.jpg in Resources */ = {isa = PBXBuildFile; fileRef = DBDC27EA16E2944F00F34468 /* img_feonaAttwood.jpg */; };
		DBDC280316E2944F00F34468 /* img_flashFiction.jpg in Resources */ = {isa = PBXBuildFile; fileRef = DBDC27EB16E2944F00F34468 /* img_flashFiction.jpg */; };
		DBDC280416E2944F00F34468 /* img_gala.jpg in Resources */ = {isa = PBXBuildFile; fileRef = DBDC27EC16E2944F00F34468 /* img_gala.jpg */; };
		DBDC280516E2944F00F34468 /* img_jamesHerbert.jpg in Resources */ = {isa = PBXBuildFile; fileRef = DBDC27ED16E2944F00F34468 /* img_jamesHerbert.jpg */; };
		DBDC280616E2944F00F34468 /* img_jamesMartinCharlton.jpg in Resources */ = {isa = PBXBuildFile; fileRef = DBDC27EE16E2944F00F34468 /* img_jamesMartinCharlton.jpg */; };
		DBDC280716E2944F00F34468 /* img_johnLucas.jpg in Resources */ = {isa = PBXBuildFile; fileRef = DBDC27EF16E2944F00F34468 /* img_johnLucas.jpg */; };
		DBDC280816E2944F00F34468 /* img_josieBarnard.jpg in Resources */ = {isa = PBXBuildFile; fileRef = DBDC27F016E2944F00F34468 /* img_josieBarnard.jpg */; };
		DBDC280916E2944F00F34468 /* img_lauraHird.jpg in Resources */ = {isa = PBXBuildFile; fileRef = DBDC27F116E2944F00F34468 /* img_lauraHird.jpg */; };
		DBDC280A16E2944F00F34468 /* img_lba.jpg in Resources */ = {isa = PBXBuildFile; fileRef = DBDC27F216E2944F00F34468 /* img_lba.jpg */; };
		DBDC280B16E2944F00F34468 /* img_lba.png in Resources */ = {isa = PBXBuildFile; fileRef = DBDC27F316E2944F00F34468 /* img_lba.png */; };
		DBDC280C16E2944F00F34468 /* img_lornaGibb.jpg in Resources */ = {isa = PBXBuildFile; fileRef = DBDC27F416E2944F00F34468 /* img_lornaGibb.jpg */; };
		DBDC280D16E2944F00F34468 /* img_lucyCaldwell.jpg in Resources */ = {isa = PBXBuildFile; fileRef = DBDC27F516E2944F00F34468 /* img_lucyCaldwell.jpg */; };
		DBDC280E16E2944F00F34468 /* img_maggieButt.jpg in Resources */ = {isa = PBXBuildFile; fileRef = DBDC27F616E2944F00F34468 /* img_maggieButt.jpg */; };
		DBDC280F16E2944F00F34468 /* img_mattHaig.jpg in Resources */ = {isa = PBXBuildFile; fileRef = DBDC27F716E2944F00F34468 /* img_mattHaig.jpg */; };
		DBDC281016E2944F00F34468 /* img_philippaPerry.jpg in Resources */ = {isa = PBXBuildFile; fileRef = DBDC27F816E2944F00F34468 /* img_philippaPerry.jpg */; };
		DBDC281116E2944F00F34468 /* img_poetrySlam.jpg in Resources */ = {isa = PBXBuildFile; fileRef = DBDC27F916E2944F00F34468 /* img_poetrySlam.jpg */; };
		DBDC281216E2944F00F34468 /* img_rowanColeman.jpg in Resources */ = {isa = PBXBuildFile; fileRef = DBDC27FA16E2944F00F34468 /* img_rowanColeman.jpg */; };
		DBED853D16D657C3002A220B /* BezierPlugin.min.js in Sources */ = {isa = PBXBuildFile; fileRef = DBED852016D657C3002A220B /* BezierPlugin.min.js */; };
		DBED853F16D657C3002A220B /* ColorPropsPlugin.min.js in Sources */ = {isa = PBXBuildFile; fileRef = DBED852216D657C3002A220B /* ColorPropsPlugin.min.js */; };
		DBED854016D657C3002A220B /* CSSPlugin.min.js in Sources */ = {isa = PBXBuildFile; fileRef = DBED852316D657C3002A220B /* CSSPlugin.min.js */; };
		DBED854116D657C3002A220B /* CSSRulePlugin.min.js in Sources */ = {isa = PBXBuildFile; fileRef = DBED852416D657C3002A220B /* CSSRulePlugin.min.js */; };
		DBED854216D657C3002A220B /* default.css in Resources */ = {isa = PBXBuildFile; fileRef = DBED852516D657C3002A220B /* default.css */; };
		DBED854316D657C3002A220B /* default.js in Sources */ = {isa = PBXBuildFile; fileRef = DBED852616D657C3002A220B /* default.js */; };
		DBED854416D657C3002A220B /* deviceLocationPointer.png in Resources */ = {isa = PBXBuildFile; fileRef = DBED852716D657C3002A220B /* deviceLocationPointer.png */; };
		DBED854616D657C3002A220B /* EaselPlugin.min.js in Sources */ = {isa = PBXBuildFile; fileRef = DBED852916D657C3002A220B /* EaselPlugin.min.js */; };
		DBED854716D657C3002A220B /* EasePack.min.js in Sources */ = {isa = PBXBuildFile; fileRef = DBED852A16D657C3002A220B /* EasePack.min.js */; };
		DBED854916D657C3002A220B /* index.html in Resources */ = {isa = PBXBuildFile; fileRef = DBED852C16D657C3002A220B /* index.html */; };
		DBED854A16D657C3002A220B /* jsonfn.js in Sources */ = {isa = PBXBuildFile; fileRef = DBED852D16D657C3002A220B /* jsonfn.js */; };
		DBED854B16D657C3002A220B /* localContent.js in Sources */ = {isa = PBXBuildFile; fileRef = DBED852E16D657C3002A220B /* localContent.js */; };
		DBED854D16D657C3002A220B /* mootools-core-1.4.5-full-compat.js in Sources */ = {isa = PBXBuildFile; fileRef = DBED853016D657C3002A220B /* mootools-core-1.4.5-full-compat.js */; };
		DBED854E16D657C3002A220B /* mootools-more-1.4.0.1.js in Sources */ = {isa = PBXBuildFile; fileRef = DBED853116D657C3002A220B /* mootools-more-1.4.0.1.js */; };
		DBED854F16D657C3002A220B /* RaphaelPlugin.min.js in Sources */ = {isa = PBXBuildFile; fileRef = DBED853216D657C3002A220B /* RaphaelPlugin.min.js */; };
		DBED855016D657C3002A220B /* RoundPropsPlugin.min.js in Sources */ = {isa = PBXBuildFile; fileRef = DBED853316D657C3002A220B /* RoundPropsPlugin.min.js */; };
		DBED855116D657C3002A220B /* ScrollToPlugin.min.js in Sources */ = {isa = PBXBuildFile; fileRef = DBED853416D657C3002A220B /* ScrollToPlugin.min.js */; };
		DBED855516D657C3002A220B /* TimelineLite.min.js in Sources */ = {isa = PBXBuildFile; fileRef = DBED853816D657C3002A220B /* TimelineLite.min.js */; };
		DBED855616D657C3002A220B /* TimelineMax.min.js in Sources */ = {isa = PBXBuildFile; fileRef = DBED853916D657C3002A220B /* TimelineMax.min.js */; };
		DBED855716D657C3002A220B /* TweenLite.min.js in Sources */ = {isa = PBXBuildFile; fileRef = DBED853A16D657C3002A220B /* TweenLite.min.js */; };
		DBED855816D657C3002A220B /* TweenMax.min.js in Sources */ = {isa = PBXBuildFile; fileRef = DBED853B16D657C3002A220B /* TweenMax.min.js */; };
		DBED855B16D66E97002A220B /* BezierPlugin.min.js in Resources */ = {isa = PBXBuildFile; fileRef = DBED852016D657C3002A220B /* BezierPlugin.min.js */; };
		DBED855C16D66E97002A220B /* ColorPropsPlugin.min.js in Resources */ = {isa = PBXBuildFile; fileRef = DBED852216D657C3002A220B /* ColorPropsPlugin.min.js */; };
		DBED855D16D66E97002A220B /* CSSPlugin.min.js in Resources */ = {isa = PBXBuildFile; fileRef = DBED852316D657C3002A220B /* CSSPlugin.min.js */; };
		DBED855E16D66E97002A220B /* CSSRulePlugin.min.js in Resources */ = {isa = PBXBuildFile; fileRef = DBED852416D657C3002A220B /* CSSRulePlugin.min.js */; };
		DBED855F16D66E97002A220B /* default.js in Resources */ = {isa = PBXBuildFile; fileRef = DBED852616D657C3002A220B /* default.js */; };
		DBED856016D66E97002A220B /* EaselPlugin.min.js in Resources */ = {isa = PBXBuildFile; fileRef = DBED852916D657C3002A220B /* EaselPlugin.min.js */; };
		DBED856116D66E97002A220B /* EasePack.min.js in Resources */ = {isa = PBXBuildFile; fileRef = DBED852A16D657C3002A220B /* EasePack.min.js */; };
		DBED856216D66E97002A220B /* jsonfn.js in Resources */ = {isa = PBXBuildFile; fileRef = DBED852D16D657C3002A220B /* jsonfn.js */; };
		DBED856316D66E97002A220B /* localContent.js in Resources */ = {isa = PBXBuildFile; fileRef = DBED852E16D657C3002A220B /* localContent.js */; };
		DBED856416D66E97002A220B /* mootools-core-1.4.5-full-compat.js in Resources */ = {isa = PBXBuildFile; fileRef = DBED853016D657C3002A220B /* mootools-core-1.4.5-full-compat.js */; };
		DBED856516D66E97002A220B /* mootools-more-1.4.0.1.js in Resources */ = {isa = PBXBuildFile; fileRef = DBED853116D657C3002A220B /* mootools-more-1.4.0.1.js */; };
		DBED856616D66E97002A220B /* RaphaelPlugin.min.js in Resources */ = {isa = PBXBuildFile; fileRef = DBED853216D657C3002A220B /* RaphaelPlugin.min.js */; };
		DBED856716D66E97002A220B /* RoundPropsPlugin.min.js in Resources */ = {isa = PBXBuildFile; fileRef = DBED853316D657C3002A220B /* RoundPropsPlugin.min.js */; };
		DBED856816D66E97002A220B /* ScrollToPlugin.min.js in Resources */ = {isa = PBXBuildFile; fileRef = DBED853416D657C3002A220B /* ScrollToPlugin.min.js */; };
		DBED856916D66E97002A220B /* TimelineLite.min.js in Resources */ = {isa = PBXBuildFile; fileRef = DBED853816D657C3002A220B /* TimelineLite.min.js */; };
		DBED856A16D66E97002A220B /* TimelineMax.min.js in Resources */ = {isa = PBXBuildFile; fileRef = DBED853916D657C3002A220B /* TimelineMax.min.js */; };
		DBED856B16D66E97002A220B /* TweenLite.min.js in Resources */ = {isa = PBXBuildFile; fileRef = DBED853A16D657C3002A220B /* TweenLite.min.js */; };
		DBED856C16D66E97002A220B /* TweenMax.min.js in Resources */ = {isa = PBXBuildFile; fileRef = DBED853B16D657C3002A220B /* TweenMax.min.js */; };
/* End PBXBuildFile section */

/* Begin PBXFileReference section */
		DB014E5C16E11FDF006444AB /* aliquam-webfont.eot */ = {isa = PBXFileReference; lastKnownFileType = file; name = "aliquam-webfont.eot"; path = "literaryFestival/Resources/web/aliquam-webfont.eot"; sourceTree = SOURCE_ROOT; };
		DB014E5D16E11FDF006444AB /* aliquam-webfont.svg */ = {isa = PBXFileReference; fileEncoding = 4; lastKnownFileType = text.xml; name = "aliquam-webfont.svg"; path = "literaryFestival/Resources/web/aliquam-webfont.svg"; sourceTree = SOURCE_ROOT; };
		DB014E5E16E11FDF006444AB /* aliquam-webfont.ttf */ = {isa = PBXFileReference; lastKnownFileType = file; name = "aliquam-webfont.ttf"; path = "literaryFestival/Resources/web/aliquam-webfont.ttf"; sourceTree = SOURCE_ROOT; };
		DB014E5F16E11FDF006444AB /* aliquam-webfont.woff */ = {isa = PBXFileReference; lastKnownFileType = file; name = "aliquam-webfont.woff"; path = "literaryFestival/Resources/web/aliquam-webfont.woff"; sourceTree = SOURCE_ROOT; };
		DB014E6016E11FDF006444AB /* aliquamreg-webfont.eot */ = {isa = PBXFileReference; lastKnownFileType = file; name = "aliquamreg-webfont.eot"; path = "literaryFestival/Resources/web/aliquamreg-webfont.eot"; sourceTree = SOURCE_ROOT; };
		DB014E6116E11FDF006444AB /* aliquamreg-webfont.svg */ = {isa = PBXFileReference; fileEncoding = 4; lastKnownFileType = text.xml; name = "aliquamreg-webfont.svg"; path = "literaryFestival/Resources/web/aliquamreg-webfont.svg"; sourceTree = SOURCE_ROOT; };
		DB014E6216E11FDF006444AB /* aliquamreg-webfont.ttf */ = {isa = PBXFileReference; lastKnownFileType = file; name = "aliquamreg-webfont.ttf"; path = "literaryFestival/Resources/web/aliquamreg-webfont.ttf"; sourceTree = SOURCE_ROOT; };
		DB014E6316E11FDF006444AB /* aliquamreg-webfont.woff */ = {isa = PBXFileReference; lastKnownFileType = file; name = "aliquamreg-webfont.woff"; path = "literaryFestival/Resources/web/aliquamreg-webfont.woff"; sourceTree = SOURCE_ROOT; };
		DB014E6C16E11FEE006444AB /* backBtn.png */ = {isa = PBXFileReference; lastKnownFileType = image.png; name = backBtn.png; path = literaryFestival/Resources/web/backBtn.png; sourceTree = SOURCE_ROOT; };
		DB014E6E16E12020006444AB /* header.png */ = {isa = PBXFileReference; lastKnownFileType = image.png; name = header.png; path = literaryFestival/Resources/web/header.png; sourceTree = SOURCE_ROOT; };
		DB014E7016E12117006444AB /* fonts.css */ = {isa = PBXFileReference; fileEncoding = 4; lastKnownFileType = text.css; name = fonts.css; path = literaryFestival/Resources/web/fonts.css; sourceTree = SOURCE_ROOT; };
		DB014E7A16E15659006444AB /* Icon.png */ = {isa = PBXFileReference; lastKnownFileType = image.png; name = Icon.png; path = ../Icon.png; sourceTree = "<group>"; };
		DB014E7C16E15663006444AB /* Icon@2x.png */ = {isa = PBXFileReference; lastKnownFileType = image.png; name = "Icon@2x.png"; path = "../Icon@2x.png"; sourceTree = "<group>"; };
		DB014E7E16E15A04006444AB /* backBtn@2x.png */ = {isa = PBXFileReference; lastKnownFileType = image.png; name = "backBtn@2x.png"; path = "literaryFestival/Resources/web/backBtn@2x.png"; sourceTree = SOURCE_ROOT; };
		DB014E8016E15FC0006444AB /* header@2x.png */ = {isa = PBXFileReference; lastKnownFileType = image.png; name = "header@2x.png"; path = "literaryFestival/Resources/web/header@2x.png"; sourceTree = SOURCE_ROOT; };
		DB1A1A6616795FC70022F65F /* literaryFestival.app */ = {isa = PBXFileReference; explicitFileType = wrapper.application; includeInIndex = 0; path = literaryFestival.app; sourceTree = BUILT_PRODUCTS_DIR; };
		DB1A1A6A16795FC70022F65F /* UIKit.framework */ = {isa = PBXFileReference; lastKnownFileType = wrapper.framework; name = UIKit.framework; path = System/Library/Frameworks/UIKit.framework; sourceTree = SDKROOT; };
		DB1A1A6C16795FC70022F65F /* Foundation.framework */ = {isa = PBXFileReference; lastKnownFileType = wrapper.framework; name = Foundation.framework; path = System/Library/Frameworks/Foundation.framework; sourceTree = SDKROOT; };
		DB1A1A6E16795FC70022F65F /* CoreGraphics.framework */ = {isa = PBXFileReference; lastKnownFileType = wrapper.framework; name = CoreGraphics.framework; path = System/Library/Frameworks/CoreGraphics.framework; sourceTree = SDKROOT; };
		DB1A1A7216795FC70022F65F /* literaryFestival-Info.plist */ = {isa = PBXFileReference; lastKnownFileType = text.plist.xml; path = "literaryFestival-Info.plist"; sourceTree = "<group>"; };
		DB1A1A7416795FC70022F65F /* en */ = {isa = PBXFileReference; lastKnownFileType = text.plist.strings; name = en; path = en.lproj/InfoPlist.strings; sourceTree = "<group>"; };
		DB1A1A7616795FC70022F65F /* main.m */ = {isa = PBXFileReference; lastKnownFileType = sourcecode.c.objc; path = main.m; sourceTree = "<group>"; };
		DB1A1A7816795FC70022F65F /* literaryFestival-Prefix.pch */ = {isa = PBXFileReference; lastKnownFileType = sourcecode.c.h; path = "literaryFestival-Prefix.pch"; sourceTree = "<group>"; };
		DB1A1A7916795FC70022F65F /* AppDelegate.h */ = {isa = PBXFileReference; lastKnownFileType = sourcecode.c.h; path = AppDelegate.h; sourceTree = "<group>"; };
		DB1A1A7A16795FC70022F65F /* AppDelegate.m */ = {isa = PBXFileReference; lastKnownFileType = sourcecode.c.objc; path = AppDelegate.m; sourceTree = "<group>"; };
		DB1A1A7C16795FC70022F65F /* Default.png */ = {isa = PBXFileReference; lastKnownFileType = image.png; path = Default.png; sourceTree = "<group>"; };
		DB1A1A7E16795FC70022F65F /* Default@2x.png */ = {isa = PBXFileReference; lastKnownFileType = image.png; path = "Default@2x.png"; sourceTree = "<group>"; };
		DB1A1A8016795FC70022F65F /* Default-568h@2x.png */ = {isa = PBXFileReference; lastKnownFileType = image.png; path = "Default-568h@2x.png"; sourceTree = "<group>"; };
		DB1A1A8216795FC70022F65F /* ViewController.h */ = {isa = PBXFileReference; lastKnownFileType = sourcecode.c.h; path = ViewController.h; sourceTree = "<group>"; };
		DB1A1A8316795FC70022F65F /* ViewController.m */ = {isa = PBXFileReference; lastKnownFileType = sourcecode.c.objc; path = ViewController.m; sourceTree = "<group>"; };
		DB1A1A8616795FC70022F65F /* en */ = {isa = PBXFileReference; lastKnownFileType = file.xib; name = en; path = en.lproj/ViewController_iPhone.xib; sourceTree = "<group>"; };
		DB1A1A8916795FC70022F65F /* en */ = {isa = PBXFileReference; lastKnownFileType = file.xib; name = en; path = en.lproj/ViewController_iPad.xib; sourceTree = "<group>"; };
		DBDC27E316E2944F00F34468 /* img_abimbolaDare.jpg */ = {isa = PBXFileReference; lastKnownFileType = image.jpeg; name = img_abimbolaDare.jpg; path = literaryFestival/Resources/web/img_abimbolaDare.jpg; sourceTree = SOURCE_ROOT; };
		DBDC27E416E2944F00F34468 /* img_andrewSimms.jpg */ = {isa = PBXFileReference; lastKnownFileType = image.jpeg; name = img_andrewSimms.jpg; path = literaryFestival/Resources/web/img_andrewSimms.jpg; sourceTree = SOURCE_ROOT; };
		DBDC27E516E2944F00F34468 /* img_chibunduOnuzo.jpg */ = {isa = PBXFileReference; lastKnownFileType = image.jpeg; name = img_chibunduOnuzo.jpg; path = literaryFestival/Resources/web/img_chibunduOnuzo.jpg; sourceTree = SOURCE_ROOT; };
		DBDC27E616E2944F00F34468 /* img_davidRain.jpg */ = {isa = PBXFileReference; lastKnownFileType = image.jpeg; name = img_davidRain.jpg; path = literaryFestival/Resources/web/img_davidRain.jpg; sourceTree = SOURCE_ROOT; };
		DBDC27E716E2944F00F34468 /* img_directionsMap.jpg */ = {isa = PBXFileReference; lastKnownFileType = image.jpeg; name = img_directionsMap.jpg; path = literaryFestival/Resources/web/img_directionsMap.jpg; sourceTree = SOURCE_ROOT; };
		DBDC27E816E2944F00F34468 /* img_elizabethBuchan.jpg */ = {isa = PBXFileReference; lastKnownFileType = image.jpeg; name = img_elizabethBuchan.jpg; path = literaryFestival/Resources/web/img_elizabethBuchan.jpg; sourceTree = SOURCE_ROOT; };
		DBDC27E916E2944F00F34468 /* img_faberAcademy.jpg */ = {isa = PBXFileReference; lastKnownFileType = image.jpeg; name = img_faberAcademy.jpg; path = literaryFestival/Resources/web/img_faberAcademy.jpg; sourceTree = SOURCE_ROOT; };
		DBDC27EA16E2944F00F34468 /* img_feonaAttwood.jpg */ = {isa = PBXFileReference; lastKnownFileType = image.jpeg; name = img_feonaAttwood.jpg; path = literaryFestival/Resources/web/img_feonaAttwood.jpg; sourceTree = SOURCE_ROOT; };
		DBDC27EB16E2944F00F34468 /* img_flashFiction.jpg */ = {isa = PBXFileReference; lastKnownFileType = image.jpeg; name = img_flashFiction.jpg; path = literaryFestival/Resources/web/img_flashFiction.jpg; sourceTree = SOURCE_ROOT; };
		DBDC27EC16E2944F00F34468 /* img_gala.jpg */ = {isa = PBXFileReference; lastKnownFileType = image.jpeg; name = img_gala.jpg; path = literaryFestival/Resources/web/img_gala.jpg; sourceTree = SOURCE_ROOT; };
		DBDC27ED16E2944F00F34468 /* img_jamesHerbert.jpg */ = {isa = PBXFileReference; lastKnownFileType = image.jpeg; name = img_jamesHerbert.jpg; path = literaryFestival/Resources/web/img_jamesHerbert.jpg; sourceTree = SOURCE_ROOT; };
		DBDC27EE16E2944F00F34468 /* img_jamesMartinCharlton.jpg */ = {isa = PBXFileReference; lastKnownFileType = image.jpeg; name = img_jamesMartinCharlton.jpg; path = literaryFestival/Resources/web/img_jamesMartinCharlton.jpg; sourceTree = SOURCE_ROOT; };
		DBDC27EF16E2944F00F34468 /* img_johnLucas.jpg */ = {isa = PBXFileReference; lastKnownFileType = image.jpeg; name = img_johnLucas.jpg; path = literaryFestival/Resources/web/img_johnLucas.jpg; sourceTree = SOURCE_ROOT; };
		DBDC27F016E2944F00F34468 /* img_josieBarnard.jpg */ = {isa = PBXFileReference; lastKnownFileType = image.jpeg; name = img_josieBarnard.jpg; path = literaryFestival/Resources/web/img_josieBarnard.jpg; sourceTree = SOURCE_ROOT; };
		DBDC27F116E2944F00F34468 /* img_lauraHird.jpg */ = {isa = PBXFileReference; lastKnownFileType = image.jpeg; name = img_lauraHird.jpg; path = literaryFestival/Resources/web/img_lauraHird.jpg; sourceTree = SOURCE_ROOT; };
		DBDC27F216E2944F00F34468 /* img_lba.jpg */ = {isa = PBXFileReference; lastKnownFileType = image.jpeg; name = img_lba.jpg; path = literaryFestival/Resources/web/img_lba.jpg; sourceTree = SOURCE_ROOT; };
		DBDC27F316E2944F00F34468 /* img_lba.png */ = {isa = PBXFileReference; lastKnownFileType = image.png; name = img_lba.png; path = literaryFestival/Resources/web/img_lba.png; sourceTree = SOURCE_ROOT; };
		DBDC27F416E2944F00F34468 /* img_lornaGibb.jpg */ = {isa = PBXFileReference; lastKnownFileType = image.jpeg; name = img_lornaGibb.jpg; path = literaryFestival/Resources/web/img_lornaGibb.jpg; sourceTree = SOURCE_ROOT; };
		DBDC27F516E2944F00F34468 /* img_lucyCaldwell.jpg */ = {isa = PBXFileReference; lastKnownFileType = image.jpeg; name = img_lucyCaldwell.jpg; path = literaryFestival/Resources/web/img_lucyCaldwell.jpg; sourceTree = SOURCE_ROOT; };
		DBDC27F616E2944F00F34468 /* img_maggieButt.jpg */ = {isa = PBXFileReference; lastKnownFileType = image.jpeg; name = img_maggieButt.jpg; path = literaryFestival/Resources/web/img_maggieButt.jpg; sourceTree = SOURCE_ROOT; };
		DBDC27F716E2944F00F34468 /* img_mattHaig.jpg */ = {isa = PBXFileReference; lastKnownFileType = image.jpeg; name = img_mattHaig.jpg; path = literaryFestival/Resources/web/img_mattHaig.jpg; sourceTree = SOURCE_ROOT; };
		DBDC27F816E2944F00F34468 /* img_philippaPerry.jpg */ = {isa = PBXFileReference; lastKnownFileType = image.jpeg; name = img_philippaPerry.jpg; path = literaryFestival/Resources/web/img_philippaPerry.jpg; sourceTree = SOURCE_ROOT; };
		DBDC27F916E2944F00F34468 /* img_poetrySlam.jpg */ = {isa = PBXFileReference; lastKnownFileType = image.jpeg; name = img_poetrySlam.jpg; path = literaryFestival/Resources/web/img_poetrySlam.jpg; sourceTree = SOURCE_ROOT; };
		DBDC27FA16E2944F00F34468 /* img_rowanColeman.jpg */ = {isa = PBXFileReference; lastKnownFileType = image.jpeg; name = img_rowanColeman.jpg; path = literaryFestival/Resources/web/img_rowanColeman.jpg; sourceTree = SOURCE_ROOT; };
		DBED852016D657C3002A220B /* BezierPlugin.min.js */ = {isa = PBXFileReference; fileEncoding = 4; lastKnownFileType = sourcecode.javascript; name = BezierPlugin.min.js; path = literaryFestival/Resources/web/BezierPlugin.min.js; sourceTree = SOURCE_ROOT; };
		DBED852216D657C3002A220B /* ColorPropsPlugin.min.js */ = {isa = PBXFileReference; fileEncoding = 4; lastKnownFileType = sourcecode.javascript; name = ColorPropsPlugin.min.js; path = literaryFestival/Resources/web/ColorPropsPlugin.min.js; sourceTree = SOURCE_ROOT; };
		DBED852316D657C3002A220B /* CSSPlugin.min.js */ = {isa = PBXFileReference; fileEncoding = 4; lastKnownFileType = sourcecode.javascript; name = CSSPlugin.min.js; path = literaryFestival/Resources/web/CSSPlugin.min.js; sourceTree = SOURCE_ROOT; };
		DBED852416D657C3002A220B /* CSSRulePlugin.min.js */ = {isa = PBXFileReference; fileEncoding = 4; lastKnownFileType = sourcecode.javascript; name = CSSRulePlugin.min.js; path = literaryFestival/Resources/web/CSSRulePlugin.min.js; sourceTree = SOURCE_ROOT; };
		DBED852516D657C3002A220B /* default.css */ = {isa = PBXFileReference; fileEncoding = 4; lastKnownFileType = text.css; name = default.css; path = literaryFestival/Resources/web/default.css; sourceTree = SOURCE_ROOT; };
		DBED852616D657C3002A220B /* default.js */ = {isa = PBXFileReference; fileEncoding = 4; lastKnownFileType = sourcecode.javascript; name = default.js; path = literaryFestival/Resources/web/default.js; sourceTree = SOURCE_ROOT; };
		DBED852716D657C3002A220B /* deviceLocationPointer.png */ = {isa = PBXFileReference; lastKnownFileType = image.png; name = deviceLocationPointer.png; path = literaryFestival/Resources/web/deviceLocationPointer.png; sourceTree = SOURCE_ROOT; };
		DBED852916D657C3002A220B /* EaselPlugin.min.js */ = {isa = PBXFileReference; fileEncoding = 4; lastKnownFileType = sourcecode.javascript; name = EaselPlugin.min.js; path = literaryFestival/Resources/web/EaselPlugin.min.js; sourceTree = SOURCE_ROOT; };
		DBED852A16D657C3002A220B /* EasePack.min.js */ = {isa = PBXFileReference; fileEncoding = 4; lastKnownFileType = sourcecode.javascript; name = EasePack.min.js; path = literaryFestival/Resources/web/EasePack.min.js; sourceTree = SOURCE_ROOT; };
		DBED852C16D657C3002A220B /* index.html */ = {isa = PBXFileReference; fileEncoding = 4; lastKnownFileType = text.html; name = index.html; path = literaryFestival/Resources/web/index.html; sourceTree = SOURCE_ROOT; };
		DBED852D16D657C3002A220B /* jsonfn.js */ = {isa = PBXFileReference; fileEncoding = 4; lastKnownFileType = sourcecode.javascript; name = jsonfn.js; path = literaryFestival/Resources/web/jsonfn.js; sourceTree = SOURCE_ROOT; };
		DBED852E16D657C3002A220B /* localContent.js */ = {isa = PBXFileReference; fileEncoding = 4; lastKnownFileType = sourcecode.javascript; name = localContent.js; path = literaryFestival/Resources/web/localContent.js; sourceTree = SOURCE_ROOT; };
		DBED853016D657C3002A220B /* mootools-core-1.4.5-full-compat.js */ = {isa = PBXFileReference; fileEncoding = 4; lastKnownFileType = sourcecode.javascript; name = "mootools-core-1.4.5-full-compat.js"; path = "literaryFestival/Resources/web/mootools-core-1.4.5-full-compat.js"; sourceTree = SOURCE_ROOT; };
		DBED853116D657C3002A220B /* mootools-more-1.4.0.1.js */ = {isa = PBXFileReference; fileEncoding = 4; lastKnownFileType = sourcecode.javascript; name = "mootools-more-1.4.0.1.js"; path = "literaryFestival/Resources/web/mootools-more-1.4.0.1.js"; sourceTree = SOURCE_ROOT; };
		DBED853216D657C3002A220B /* RaphaelPlugin.min.js */ = {isa = PBXFileReference; fileEncoding = 4; lastKnownFileType = sourcecode.javascript; name = RaphaelPlugin.min.js; path = literaryFestival/Resources/web/RaphaelPlugin.min.js; sourceTree = SOURCE_ROOT; };
		DBED853316D657C3002A220B /* RoundPropsPlugin.min.js */ = {isa = PBXFileReference; fileEncoding = 4; lastKnownFileType = sourcecode.javascript; name = RoundPropsPlugin.min.js; path = literaryFestival/Resources/web/RoundPropsPlugin.min.js; sourceTree = SOURCE_ROOT; };
		DBED853416D657C3002A220B /* ScrollToPlugin.min.js */ = {isa = PBXFileReference; fileEncoding = 4; lastKnownFileType = sourcecode.javascript; name = ScrollToPlugin.min.js; path = literaryFestival/Resources/web/ScrollToPlugin.min.js; sourceTree = SOURCE_ROOT; };
		DBED853816D657C3002A220B /* TimelineLite.min.js */ = {isa = PBXFileReference; fileEncoding = 4; lastKnownFileType = sourcecode.javascript; name = TimelineLite.min.js; path = literaryFestival/Resources/web/TimelineLite.min.js; sourceTree = SOURCE_ROOT; };
		DBED853916D657C3002A220B /* TimelineMax.min.js */ = {isa = PBXFileReference; fileEncoding = 4; lastKnownFileType = sourcecode.javascript; name = TimelineMax.min.js; path = literaryFestival/Resources/web/TimelineMax.min.js; sourceTree = SOURCE_ROOT; };
		DBED853A16D657C3002A220B /* TweenLite.min.js */ = {isa = PBXFileReference; fileEncoding = 4; lastKnownFileType = sourcecode.javascript; name = TweenLite.min.js; path = literaryFestival/Resources/web/TweenLite.min.js; sourceTree = SOURCE_ROOT; };
		DBED853B16D657C3002A220B /* TweenMax.min.js */ = {isa = PBXFileReference; fileEncoding = 4; lastKnownFileType = sourcecode.javascript; name = TweenMax.min.js; path = literaryFestival/Resources/web/TweenMax.min.js; sourceTree = SOURCE_ROOT; };
/* End PBXFileReference section */

/* Begin PBXFrameworksBuildPhase section */
		DB1A1A6316795FC70022F65F /* Frameworks */ = {
			isa = PBXFrameworksBuildPhase;
			buildActionMask = 2147483647;
			files = (
				DB1A1A6B16795FC70022F65F /* UIKit.framework in Frameworks */,
				DB1A1A6D16795FC70022F65F /* Foundation.framework in Frameworks */,
				DB1A1A6F16795FC70022F65F /* CoreGraphics.framework in Frameworks */,
			);
			runOnlyForDeploymentPostprocessing = 0;
		};
/* End PBXFrameworksBuildPhase section */

/* Begin PBXGroup section */
		DB014E7516E15632006444AB /* appicons */ = {
			isa = PBXGroup;
			children = (
				DB014E7C16E15663006444AB /* Icon@2x.png */,
				DB014E7A16E15659006444AB /* Icon.png */,
			);
			name = appicons;
			sourceTree = "<group>";
		};
		DB1A1A5B16795FC70022F65F = {
			isa = PBXGroup;
			children = (
				DB1A1A7016795FC70022F65F /* literaryFestival */,
				DB1A1A90167960640022F65F /* Resources */,
				DB1A1A6916795FC70022F65F /* Frameworks */,
				DB1A1A6716795FC70022F65F /* Products */,
			);
			sourceTree = "<group>";
		};
		DB1A1A6716795FC70022F65F /* Products */ = {
			isa = PBXGroup;
			children = (
				DB1A1A6616795FC70022F65F /* literaryFestival.app */,
			);
			name = Products;
			sourceTree = "<group>";
		};
		DB1A1A6916795FC70022F65F /* Frameworks */ = {
			isa = PBXGroup;
			children = (
				DB1A1A6A16795FC70022F65F /* UIKit.framework */,
				DB1A1A6C16795FC70022F65F /* Foundation.framework */,
				DB1A1A6E16795FC70022F65F /* CoreGraphics.framework */,
			);
			name = Frameworks;
			sourceTree = "<group>";
		};
		DB1A1A7016795FC70022F65F /* literaryFestival */ = {
			isa = PBXGroup;
			children = (
				DB1A1A7916795FC70022F65F /* AppDelegate.h */,
				DB1A1A7A16795FC70022F65F /* AppDelegate.m */,
				DB1A1A8216795FC70022F65F /* ViewController.h */,
				DB1A1A8316795FC70022F65F /* ViewController.m */,
				DB1A1A8516795FC70022F65F /* ViewController_iPhone.xib */,
				DB1A1A8816795FC70022F65F /* ViewController_iPad.xib */,
				DB1A1A7116795FC70022F65F /* Supporting Files */,
			);
			path = literaryFestival;
			sourceTree = "<group>";
		};
		DB1A1A7116795FC70022F65F /* Supporting Files */ = {
			isa = PBXGroup;
			children = (
				DB1A1A7216795FC70022F65F /* literaryFestival-Info.plist */,
				DB1A1A7316795FC70022F65F /* InfoPlist.strings */,
				DB1A1A7616795FC70022F65F /* main.m */,
				DB1A1A7816795FC70022F65F /* literaryFestival-Prefix.pch */,
				DB1A1A7C16795FC70022F65F /* Default.png */,
				DB1A1A7E16795FC70022F65F /* Default@2x.png */,
				DB1A1A8016795FC70022F65F /* Default-568h@2x.png */,
			);
			name = "Supporting Files";
			sourceTree = "<group>";
		};
		DB1A1A90167960640022F65F /* Resources */ = {
			isa = PBXGroup;
			children = (
				DB014E7516E15632006444AB /* appicons */,
				DB9D47A316D29FF30096647F /* web */,
			);
			name = Resources;
			path = literaryFestival;
			sourceTree = "<group>";
		};
		DB9D47A316D29FF30096647F /* web */ = {
			isa = PBXGroup;
			children = (
				DB014E5C16E11FDF006444AB /* aliquam-webfont.eot */,
				DB014E5D16E11FDF006444AB /* aliquam-webfont.svg */,
				DB014E5E16E11FDF006444AB /* aliquam-webfont.ttf */,
				DB014E5F16E11FDF006444AB /* aliquam-webfont.woff */,
				DB014E6016E11FDF006444AB /* aliquamreg-webfont.eot */,
				DB014E6116E11FDF006444AB /* aliquamreg-webfont.svg */,
				DB014E6216E11FDF006444AB /* aliquamreg-webfont.ttf */,
				DB014E6316E11FDF006444AB /* aliquamreg-webfont.woff */,
				DBED852016D657C3002A220B /* BezierPlugin.min.js */,
				DBED852216D657C3002A220B /* ColorPropsPlugin.min.js */,
				DBED852316D657C3002A220B /* CSSPlugin.min.js */,
				DBED852416D657C3002A220B /* CSSRulePlugin.min.js */,
				DB014E7016E12117006444AB /* fonts.css */,
				DBED852516D657C3002A220B /* default.css */,
				DBED852616D657C3002A220B /* default.js */,
				DBED852716D657C3002A220B /* deviceLocationPointer.png */,
				DBED852916D657C3002A220B /* EaselPlugin.min.js */,
				DBED852A16D657C3002A220B /* EasePack.min.js */,
				DBED852C16D657C3002A220B /* index.html */,
				DBED852D16D657C3002A220B /* jsonfn.js */,
				DBED852E16D657C3002A220B /* localContent.js */,
				DBED853016D657C3002A220B /* mootools-core-1.4.5-full-compat.js */,
				DBED853116D657C3002A220B /* mootools-more-1.4.0.1.js */,
				DBED853216D657C3002A220B /* RaphaelPlugin.min.js */,
				DBED853316D657C3002A220B /* RoundPropsPlugin.min.js */,
				DBED853416D657C3002A220B /* ScrollToPlugin.min.js */,
				DBED853816D657C3002A220B /* TimelineLite.min.js */,
				DBED853916D657C3002A220B /* TimelineMax.min.js */,
				DBED853A16D657C3002A220B /* TweenLite.min.js */,
				DBED853B16D657C3002A220B /* TweenMax.min.js */,
				DB014E6E16E12020006444AB /* header.png */,
				DB014E8016E15FC0006444AB /* header@2x.png */,
				DB014E6C16E11FEE006444AB /* backBtn.png */,
				DB014E7E16E15A04006444AB /* backBtn@2x.png */,
				DBDC27E316E2944F00F34468 /* img_abimbolaDare.jpg */,
				DBDC27E416E2944F00F34468 /* img_andrewSimms.jpg */,
				DBDC27E516E2944F00F34468 /* img_chibunduOnuzo.jpg */,
				DBDC27E616E2944F00F34468 /* img_davidRain.jpg */,
				DBDC27E716E2944F00F34468 /* img_directionsMap.jpg */,
				DBDC27E816E2944F00F34468 /* img_elizabethBuchan.jpg */,
				DBDC27E916E2944F00F34468 /* img_faberAcademy.jpg */,
				DBDC27EA16E2944F00F34468 /* img_feonaAttwood.jpg */,
				DBDC27EB16E2944F00F34468 /* img_flashFiction.jpg */,
				DBDC27EC16E2944F00F34468 /* img_gala.jpg */,
				DBDC27ED16E2944F00F34468 /* img_jamesHerbert.jpg */,
				DBDC27EE16E2944F00F34468 /* img_jamesMartinCharlton.jpg */,
				DBDC27EF16E2944F00F34468 /* img_johnLucas.jpg */,
				DBDC27F016E2944F00F34468 /* img_josieBarnard.jpg */,
				DBDC27F116E2944F00F34468 /* img_lauraHird.jpg */,
				DBDC27F216E2944F00F34468 /* img_lba.jpg */,
				DBDC27F316E2944F00F34468 /* img_lba.png */,
				DBDC27F416E2944F00F34468 /* img_lornaGibb.jpg */,
				DBDC27F516E2944F00F34468 /* img_lucyCaldwell.jpg */,
				DBDC27F616E2944F00F34468 /* img_maggieButt.jpg */,
				DBDC27F716E2944F00F34468 /* img_mattHaig.jpg */,
				DBDC27F816E2944F00F34468 /* img_philippaPerry.jpg */,
				DBDC27F916E2944F00F34468 /* img_poetrySlam.jpg */,
				DBDC27FA16E2944F00F34468 /* img_rowanColeman.jpg */,
			);
			name = web;
			path = Ressources/web;
			sourceTree = "<group>";
		};
/* End PBXGroup section */

/* Begin PBXNativeTarget section */
		DB1A1A6516795FC70022F65F /* literaryFestival */ = {
			isa = PBXNativeTarget;
			buildConfigurationList = DB1A1A8D16795FC70022F65F /* Build configuration list for PBXNativeTarget "literaryFestival" */;
			buildPhases = (
				DB1A1A6216795FC70022F65F /* Sources */,
				DB1A1A6316795FC70022F65F /* Frameworks */,
				DB1A1A6416795FC70022F65F /* Resources */,
			);
			buildRules = (
			);
			dependencies = (
			);
			name = literaryFestival;
			productName = literaryFestival;
			productReference = DB1A1A6616795FC70022F65F /* literaryFestival.app */;
			productType = "com.apple.product-type.application";
		};
/* End PBXNativeTarget section */

/* Begin PBXProject section */
		DB1A1A5D16795FC70022F65F /* Project object */ = {
			isa = PBXProject;
			attributes = {
				LastUpgradeCheck = 0450;
				ORGANIZATIONNAME = "Daniel Wiedemann";
			};
			buildConfigurationList = DB1A1A6016795FC70022F65F /* Build configuration list for PBXProject "literaryFestival" */;
			compatibilityVersion = "Xcode 3.2";
			developmentRegion = English;
			hasScannedForEncodings = 0;
			knownRegions = (
				en,
			);
			mainGroup = DB1A1A5B16795FC70022F65F;
			productRefGroup = DB1A1A6716795FC70022F65F /* Products */;
			projectDirPath = "";
			projectRoot = "";
			targets = (
				DB1A1A6516795FC70022F65F /* literaryFestival */,
			);
		};
/* End PBXProject section */

/* Begin PBXResourcesBuildPhase section */
		DB1A1A6416795FC70022F65F /* Resources */ = {
			isa = PBXResourcesBuildPhase;
			buildActionMask = 2147483647;
			files = (
				DB1A1A7516795FC70022F65F /* InfoPlist.strings in Resources */,
				DB1A1A7D16795FC70022F65F /* Default.png in Resources */,
				DB1A1A7F16795FC70022F65F /* Default@2x.png in Resources */,
				DB1A1A8116795FC70022F65F /* Default-568h@2x.png in Resources */,
				DB1A1A8716795FC70022F65F /* ViewController_iPhone.xib in Resources */,
				DB1A1A8A16795FC70022F65F /* ViewController_iPad.xib in Resources */,
				DBED855B16D66E97002A220B /* BezierPlugin.min.js in Resources */,
				DBED855C16D66E97002A220B /* ColorPropsPlugin.min.js in Resources */,
				DBED855D16D66E97002A220B /* CSSPlugin.min.js in Resources */,
				DBED855E16D66E97002A220B /* CSSRulePlugin.min.js in Resources */,
				DBED854216D657C3002A220B /* default.css in Resources */,
				DBED855F16D66E97002A220B /* default.js in Resources */,
				DBED854416D657C3002A220B /* deviceLocationPointer.png in Resources */,
				DBED856016D66E97002A220B /* EaselPlugin.min.js in Resources */,
				DBED856116D66E97002A220B /* EasePack.min.js in Resources */,
				DBED854916D657C3002A220B /* index.html in Resources */,
				DBED856216D66E97002A220B /* jsonfn.js in Resources */,
				DBED856316D66E97002A220B /* localContent.js in Resources */,
				DBED856416D66E97002A220B /* mootools-core-1.4.5-full-compat.js in Resources */,
				DBED856516D66E97002A220B /* mootools-more-1.4.0.1.js in Resources */,
				DBED856616D66E97002A220B /* RaphaelPlugin.min.js in Resources */,
				DBED856716D66E97002A220B /* RoundPropsPlugin.min.js in Resources */,
				DBED856816D66E97002A220B /* ScrollToPlugin.min.js in Resources */,
				DBED856916D66E97002A220B /* TimelineLite.min.js in Resources */,
				DBED856A16D66E97002A220B /* TimelineMax.min.js in Resources */,
				DBED856B16D66E97002A220B /* TweenLite.min.js in Resources */,
				DBED856C16D66E97002A220B /* TweenMax.min.js in Resources */,
				DB014E6416E11FDF006444AB /* aliquam-webfont.eot in Resources */,
				DB014E6516E11FDF006444AB /* aliquam-webfont.svg in Resources */,
				DB014E6616E11FDF006444AB /* aliquam-webfont.ttf in Resources */,
				DB014E6716E11FDF006444AB /* aliquam-webfont.woff in Resources */,
				DB014E6816E11FDF006444AB /* aliquamreg-webfont.eot in Resources */,
				DB014E6916E11FDF006444AB /* aliquamreg-webfont.svg in Resources */,
				DB014E6A16E11FDF006444AB /* aliquamreg-webfont.ttf in Resources */,
				DB014E6B16E11FDF006444AB /* aliquamreg-webfont.woff in Resources */,
				DB014E6D16E11FEE006444AB /* backBtn.png in Resources */,
				DB014E6F16E12020006444AB /* header.png in Resources */,
				DB014E7116E12117006444AB /* fonts.css in Resources */,
				DB014E7B16E15659006444AB /* Icon.png in Resources */,
				DB014E7D16E15663006444AB /* Icon@2x.png in Resources */,
				DB014E7F16E15A04006444AB /* backBtn@2x.png in Resources */,
				DB014E8116E15FC0006444AB /* header@2x.png in Resources */,
				DBDC27FB16E2944F00F34468 /* img_abimbolaDare.jpg in Resources */,
				DBDC27FC16E2944F00F34468 /* img_andrewSimms.jpg in Resources */,
				DBDC27FD16E2944F00F34468 /* img_chibunduOnuzo.jpg in Resources */,
				DBDC27FE16E2944F00F34468 /* img_davidRain.jpg in Resources */,
				DBDC27FF16E2944F00F34468 /* img_directionsMap.jpg in Resources */,
				DBDC280016E2944F00F34468 /* img_elizabethBuchan.jpg in Resources */,
				DBDC280116E2944F00F34468 /* img_faberAcademy.jpg in Resources */,
				DBDC280216E2944F00F34468 /* img_feonaAttwood.jpg in Resources */,
				DBDC280316E2944F00F34468 /* img_flashFiction.jpg in Resources */,
				DBDC280416E2944F00F34468 /* img_gala.jpg in Resources */,
				DBDC280516E2944F00F34468 /* img_jamesHerbert.jpg in Resources */,
				DBDC280616E2944F00F34468 /* img_jamesMartinCharlton.jpg in Resources */,
				DBDC280716E2944F00F34468 /* img_johnLucas.jpg in Resources */,
				DBDC280816E2944F00F34468 /* img_josieBarnard.jpg in Resources */,
				DBDC280916E2944F00F34468 /* img_lauraHird.jpg in Resources */,
				DBDC280A16E2944F00F34468 /* img_lba.jpg in Resources */,
				DBDC280B16E2944F00F34468 /* img_lba.png in Resources */,
				DBDC280C16E2944F00F34468 /* img_lornaGibb.jpg in Resources */,
				DBDC280D16E2944F00F34468 /* img_lucyCaldwell.jpg in Resources */,
				DBDC280E16E2944F00F34468 /* img_maggieButt.jpg in Resources */,
				DBDC280F16E2944F00F34468 /* img_mattHaig.jpg in Resources */,
				DBDC281016E2944F00F34468 /* img_philippaPerry.jpg in Resources */,
				DBDC281116E2944F00F34468 /* img_poetrySlam.jpg in Resources */,
				DBDC281216E2944F00F34468 /* img_rowanColeman.jpg in Resources */,
			);
			runOnlyForDeploymentPostprocessing = 0;
		};
/* End PBXResourcesBuildPhase section */

/* Begin PBXSourcesBuildPhase section */
		DB1A1A6216795FC70022F65F /* Sources */ = {
			isa = PBXSourcesBuildPhase;
			buildActionMask = 2147483647;
			files = (
				DB1A1A7716795FC70022F65F /* main.m in Sources */,
				DB1A1A7B16795FC70022F65F /* AppDelegate.m in Sources */,
				DB1A1A8416795FC70022F65F /* ViewController.m in Sources */,
				DBED853D16D657C3002A220B /* BezierPlugin.min.js in Sources */,
				DBED853F16D657C3002A220B /* ColorPropsPlugin.min.js in Sources */,
				DBED854016D657C3002A220B /* CSSPlugin.min.js in Sources */,
				DBED854116D657C3002A220B /* CSSRulePlugin.min.js in Sources */,
				DBED854316D657C3002A220B /* default.js in Sources */,
				DBED854616D657C3002A220B /* EaselPlugin.min.js in Sources */,
				DBED854716D657C3002A220B /* EasePack.min.js in Sources */,
				DBED854A16D657C3002A220B /* jsonfn.js in Sources */,
				DBED854B16D657C3002A220B /* localContent.js in Sources */,
				DBED854D16D657C3002A220B /* mootools-core-1.4.5-full-compat.js in Sources */,
				DBED854E16D657C3002A220B /* mootools-more-1.4.0.1.js in Sources */,
				DBED854F16D657C3002A220B /* RaphaelPlugin.min.js in Sources */,
				DBED855016D657C3002A220B /* RoundPropsPlugin.min.js in Sources */,
				DBED855116D657C3002A220B /* ScrollToPlugin.min.js in Sources */,
				DBED855516D657C3002A220B /* TimelineLite.min.js in Sources */,
				DBED855616D657C3002A220B /* TimelineMax.min.js in Sources */,
				DBED855716D657C3002A220B /* TweenLite.min.js in Sources */,
				DBED855816D657C3002A220B /* TweenMax.min.js in Sources */,
			);
			runOnlyForDeploymentPostprocessing = 0;
		};
/* End PBXSourcesBuildPhase section */

/* Begin PBXVariantGroup section */
		DB1A1A7316795FC70022F65F /* InfoPlist.strings */ = {
			isa = PBXVariantGroup;
			children = (
				DB1A1A7416795FC70022F65F /* en */,
			);
			name = InfoPlist.strings;
			sourceTree = "<group>";
		};
		DB1A1A8516795FC70022F65F /* ViewController_iPhone.xib */ = {
			isa = PBXVariantGroup;
			children = (
				DB1A1A8616795FC70022F65F /* en */,
			);
			name = ViewController_iPhone.xib;
			sourceTree = "<group>";
		};
		DB1A1A8816795FC70022F65F /* ViewController_iPad.xib */ = {
			isa = PBXVariantGroup;
			children = (
				DB1A1A8916795FC70022F65F /* en */,
			);
			name = ViewController_iPad.xib;
			sourceTree = "<group>";
		};
/* End PBXVariantGroup section */

/* Begin XCBuildConfiguration section */
		DB1A1A8B16795FC70022F65F /* Debug */ = {
			isa = XCBuildConfiguration;
			buildSettings = {
				ALWAYS_SEARCH_USER_PATHS = NO;
				CLANG_CXX_LANGUAGE_STANDARD = "gnu++0x";
				CLANG_CXX_LIBRARY = "libc++";
				CLANG_WARN_EMPTY_BODY = YES;
				CLANG_WARN__DUPLICATE_METHOD_MATCH = YES;
				"CODE_SIGN_IDENTITY[sdk=iphoneos*]" = "iPhone Developer";
				COPY_PHASE_STRIP = NO;
				GCC_C_LANGUAGE_STANDARD = gnu99;
				GCC_DYNAMIC_NO_PIC = NO;
				GCC_OPTIMIZATION_LEVEL = 0;
				GCC_PREPROCESSOR_DEFINITIONS = (
					"DEBUG=1",
					"$(inherited)",
				);
				GCC_SYMBOLS_PRIVATE_EXTERN = NO;
				GCC_WARN_ABOUT_RETURN_TYPE = YES;
				GCC_WARN_UNINITIALIZED_AUTOS = YES;
				GCC_WARN_UNUSED_VARIABLE = YES;
				IPHONEOS_DEPLOYMENT_TARGET = 6.0;
				ONLY_ACTIVE_ARCH = YES;
				SDKROOT = iphoneos;
				TARGETED_DEVICE_FAMILY = "1,2";
			};
			name = Debug;
		};
		DB1A1A8C16795FC70022F65F /* Release */ = {
			isa = XCBuildConfiguration;
			buildSettings = {
				ALWAYS_SEARCH_USER_PATHS = NO;
				CLANG_CXX_LANGUAGE_STANDARD = "gnu++0x";
				CLANG_CXX_LIBRARY = "libc++";
				CLANG_WARN_EMPTY_BODY = YES;
				CLANG_WARN__DUPLICATE_METHOD_MATCH = YES;
				"CODE_SIGN_IDENTITY[sdk=iphoneos*]" = "iPhone Developer";
				COPY_PHASE_STRIP = YES;
				GCC_C_LANGUAGE_STANDARD = gnu99;
				GCC_WARN_ABOUT_RETURN_TYPE = YES;
				GCC_WARN_UNINITIALIZED_AUTOS = YES;
				GCC_WARN_UNUSED_VARIABLE = YES;
				IPHONEOS_DEPLOYMENT_TARGET = 6.0;
				OTHER_CFLAGS = "-DNS_BLOCK_ASSERTIONS=1";
				SDKROOT = iphoneos;
				TARGETED_DEVICE_FAMILY = "1,2";
				VALIDATE_PRODUCT = YES;
			};
			name = Release;
		};
		DB1A1A8E16795FC70022F65F /* Debug */ = {
			isa = XCBuildConfiguration;
			buildSettings = {
				GCC_PRECOMPILE_PREFIX_HEADER = YES;
				GCC_PREFIX_HEADER = "literaryFestival/literaryFestival-Prefix.pch";
				INFOPLIST_FILE = "literaryFestival/literaryFestival-Info.plist";
				PRODUCT_NAME = "$(TARGET_NAME)";
				TARGETED_DEVICE_FAMILY = 1;
				WRAPPER_EXTENSION = app;
			};
			name = Debug;
		};
		DB1A1A8F16795FC70022F65F /* Release */ = {
			isa = XCBuildConfiguration;
			buildSettings = {
				GCC_PRECOMPILE_PREFIX_HEADER = YES;
				GCC_PREFIX_HEADER = "literaryFestival/literaryFestival-Prefix.pch";
				INFOPLIST_FILE = "literaryFestival/literaryFestival-Info.plist";
				PRODUCT_NAME = "$(TARGET_NAME)";
				TARGETED_DEVICE_FAMILY = 1;
				WRAPPER_EXTENSION = app;
			};
			name = Release;
		};
/* End XCBuildConfiguration section */

/* Begin XCConfigurationList section */
		DB1A1A6016795FC70022F65F /* Build configuration list for PBXProject "literaryFestival" */ = {
			isa = XCConfigurationList;
			buildConfigurations = (
				DB1A1A8B16795FC70022F65F /* Debug */,
				DB1A1A8C16795FC70022F65F /* Release */,
			);
			defaultConfigurationIsVisible = 0;
			defaultConfigurationName = Release;
		};
		DB1A1A8D16795FC70022F65F /* Build configuration list for PBXNativeTarget "literaryFestival" */ = {
			isa = XCConfigurationList;
			buildConfigurations = (
				DB1A1A8E16795FC70022F65F /* Debug */,
				DB1A1A8F16795FC70022F65F /* Release */,
			);
			defaultConfigurationIsVisible = 0;
			defaultConfigurationName = Release;
		};
/* End XCConfigurationList section */
	};
	rootObject = DB1A1A5D16795FC70022F65F /* Project object */;
}
